
Microsoft Visual Studio Solution File, Format Version 12.00
# Visual Studio Version 16
VisualStudioVersion = 16.0.30413.136
MinimumVisualStudioVersion = 10.0.40219.1
Project("{9A19103F-16F7-4668-BE54-9A1E7A4F7556}") = "StringInter", "StringInter\StringInter.csproj", "{218ED699-7C19-4E54-B45A-824F4323EAEB}"
EndProject
Project("{FAE04EC0-301F-11D3-BF4B-00C04F79EFBC}") = "Task1", "Task1\Task1.csproj", "{7BC39C15-C406-41C6-983D-FCFE66BB57E2}"
EndProject
Global
	GlobalSection(SolutionConfigurationPlatforms) = preSolution
		Debug|Any CPU = Debug|Any CPU
		Release|Any CPU = Release|Any CPU
	EndGlobalSection
	GlobalSection(ProjectConfigurationPlatforms) = postSolution
		{218ED699-7C19-4E54-B45A-824F4323EAEB}.Debug|Any CPU.ActiveCfg = Debug|Any CPU
		{218ED699-7C19-4E54-B45A-824F4323EAEB}.Debug|Any CPU.Build.0 = Debug|Any CPU
		{218ED699-7C19-4E54-B45A-824F4323EAEB}.Release|Any CPU.ActiveCfg = Release|Any CPU
		{218ED699-7C19-4E54-B45A-824F4323EAEB}.Release|Any CPU.Build.0 = Release|Any CPU
		{7BC39C15-C406-41C6-983D-FCFE66BB57E2}.Debug|Any CPU.ActiveCfg = Debug|Any CPU
		{7BC39C15-C406-41C6-983D-FCFE66BB57E2}.Debug|Any CPU.Build.0 = Debug|Any CPU
		{7BC39C15-C406-41C6-983D-FCFE66BB57E2}.Release|Any CPU.ActiveCfg = Release|Any CPU
		{7BC39C15-C406-41C6-983D-FCFE66BB57E2}.Release|Any CPU.Build.0 = Release|Any CPU
	EndGlobalSection
	GlobalSection(SolutionProperties) = preSolution
		HideSolutionNode = FALSE
	EndGlobalSection
	GlobalSection(ExtensibilityGlobals) = postSolution
		SolutionGuid = {AFAAF604-00C4-4C0B-A755-4C0EEBDE071B}
	EndGlobalSection
EndGlobal
